// !$*UTF8*$!
{
	archiveVersion = 1;
	classes = {
	};
	objectVersion = 46;
	objects = {

/* Begin PBXBuildFile section */
		6788F82D1AEFC2F300756BA0 /* main.m in Sources */ = {isa = PBXBuildFile; fileRef = 6788F82C1AEFC2F300756BA0 /* main.m */; };
		6788F8301AEFC2F300756BA0 /* AppDelegate.m in Sources */ = {isa = PBXBuildFile; fileRef = 6788F82F1AEFC2F300756BA0 /* AppDelegate.m */; };
		6788F8331AEFC2F300756BA0 /* ViewController.m in Sources */ = {isa = PBXBuildFile; fileRef = 6788F8321AEFC2F300756BA0 /* ViewController.m */; };
		6788F8361AEFC2F300756BA0 /* Main.storyboard in Resources */ = {isa = PBXBuildFile; fileRef = 6788F8341AEFC2F300756BA0 /* Main.storyboard */; };
		6788F8381AEFC2F300756BA0 /* Images.xcassets in Resources */ = {isa = PBXBuildFile; fileRef = 6788F8371AEFC2F300756BA0 /* Images.xcassets */; };
		6788F83B1AEFC2F300756BA0 /* LaunchScreen.xib in Resources */ = {isa = PBXBuildFile; fileRef = 6788F8391AEFC2F300756BA0 /* LaunchScreen.xib */; };
		6788F8471AEFC2F300756BA0 /* YUTextFieldTests.m in Sources */ = {isa = PBXBuildFile; fileRef = 6788F8461AEFC2F300756BA0 /* YUTextFieldTests.m */; };
		6788F8561AEFC32D00756BA0 /* YUTextField.m in Sources */ = {isa = PBXBuildFile; fileRef = 6788F8551AEFC32D00756BA0 /* YUTextField.m */; };
/* End PBXBuildFile section */

/* Begin PBXContainerItemProxy section */
		6788F8411AEFC2F300756BA0 /* PBXContainerItemProxy */ = {
			isa = PBXContainerItemProxy;
			containerPortal = 6788F81F1AEFC2F300756BA0 /* Project object */;
			proxyType = 1;
			remoteGlobalIDString = 6788F8261AEFC2F300756BA0;
			remoteInfo = YUTextField;
		};
/* End PBXContainerItemProxy section */

/* Begin PBXFileReference section */
		6788F8271AEFC2F300756BA0 /* YUTextField.app */ = {isa = PBXFileReference; explicitFileType = wrapper.application; includeInIndex = 0; path = YUTextField.app; sourceTree = BUILT_PRODUCTS_DIR; };
		6788F82B1AEFC2F300756BA0 /* Info.plist */ = {isa = PBXFileReference; lastKnownFileType = text.plist.xml; path = Info.plist; sourceTree = "<group>"; };
		6788F82C1AEFC2F300756BA0 /* main.m */ = {isa = PBXFileReference; lastKnownFileType = sourcecode.c.objc; path = main.m; sourceTree = "<group>"; };
		6788F82E1AEFC2F300756BA0 /* AppDelegate.h */ = {isa = PBXFileReference; lastKnownFileType = sourcecode.c.h; path = AppDelegate.h; sourceTree = "<group>"; };
		6788F82F1AEFC2F300756BA0 /* AppDelegate.m */ = {isa = PBXFileReference; lastKnownFileType = sourcecode.c.objc; path = AppDelegate.m; sourceTree = "<group>"; };
		6788F8311AEFC2F300756BA0 /* ViewController.h */ = {isa = PBXFileReference; lastKnownFileType = sourcecode.c.h; path = ViewController.h; sourceTree = "<group>"; };
		6788F8321AEFC2F300756BA0 /* ViewController.m */ = {isa = PBXFileReference; lastKnownFileType = sourcecode.c.objc; path = ViewController.m; sourceTree = "<group>"; };
		6788F8351AEFC2F300756BA0 /* Base */ = {isa = PBXFileReference; lastKnownFileType = file.storyboard; name = Base; path = Base.lproj/Main.storyboard; sourceTree = "<group>"; };
		6788F8371AEFC2F300756BA0 /* Images.xcassets */ = {isa = PBXFileReference; lastKnownFileType = folder.assetcatalog; path = Images.xcassets; sourceTree = "<group>"; };
		6788F83A1AEFC2F300756BA0 /* Base */ = {isa = PBXFileReference; lastKnownFileType = file.xib; name = Base; path = Base.lproj/LaunchScreen.xib; sourceTree = "<group>"; };
		6788F8401AEFC2F300756BA0 /* YUTextFieldTests.xctest */ = {isa = PBXFileReference; explicitFileType = wrapper.cfbundle; includeInIndex = 0; path = YUTextFieldTests.xctest; sourceTree = BUILT_PRODUCTS_DIR; };
		6788F8451AEFC2F300756BA0 /* Info.plist */ = {isa = PBXFileReference; lastKnownFileType = text.plist.xml; path = Info.plist; sourceTree = "<group>"; };
		6788F8461AEFC2F300756BA0 /* YUTextFieldTests.m */ = {isa = PBXFileReference; lastKnownFileType = sourcecode.c.objc; path = YUTextFieldTests.m; sourceTree = "<group>"; };
		6788F8541AEFC32D00756BA0 /* YUTextField.h */ = {isa = PBXFileReference; fileEncoding = 4; lastKnownFileType = sourcecode.c.h; path = YUTextField.h; sourceTree = "<group>"; };
		6788F8551AEFC32D00756BA0 /* YUTextField.m */ = {isa = PBXFileReference; fileEncoding = 4; lastKnownFileType = sourcecode.c.objc; path = YUTextField.m; sourceTree = "<group>"; };
/* End PBXFileReference section */

/* Begin PBXFrameworksBuildPhase section */
		6788F8241AEFC2F300756BA0 /* Frameworks */ = {
			isa = PBXFrameworksBuildPhase;
			buildActionMask = 2147483647;
			files = (
			);
			runOnlyForDeploymentPostprocessing = 0;
		};
		6788F83D1AEFC2F300756BA0 /* Frameworks */ = {
			isa = PBXFrameworksBuildPhase;
			buildActionMask = 2147483647;
			files = (
			);
			runOnlyForDeploymentPostprocessing = 0;
		};
/* End PBXFrameworksBuildPhase section */

/* Begin PBXGroup section */
		6788F81E1AEFC2F300756BA0 = {
			isa = PBXGroup;
			children = (
				6788F8291AEFC2F300756BA0 /* YUTextField */,
				6788F8431AEFC2F300756BA0 /* YUTextFieldTests */,
				6788F8281AEFC2F300756BA0 /* Products */,
			);
			sourceTree = "<group>";
		};
		6788F8281AEFC2F300756BA0 /* Products */ = {
			isa = PBXGroup;
			children = (
				6788F8271AEFC2F300756BA0 /* YUTextField.app */,
				6788F8401AEFC2F300756BA0 /* YUTextFieldTests.xctest */,
			);
			name = Products;
			sourceTree = "<group>";
		};
		6788F8291AEFC2F300756BA0 /* YUTextField */ = {
			isa = PBXGroup;
			children = (
				6788F8531AEFC32D00756BA0 /* YUTextField */,
				6788F82E1AEFC2F300756BA0 /* AppDelegate.h */,
				6788F82F1AEFC2F300756BA0 /* AppDelegate.m */,
				6788F8311AEFC2F300756BA0 /* ViewController.h */,
				6788F8321AEFC2F300756BA0 /* ViewController.m */,
				6788F8341AEFC2F300756BA0 /* Main.storyboard */,
				6788F8371AEFC2F300756BA0 /* Images.xcassets */,
				6788F8391AEFC2F300756BA0 /* LaunchScreen.xib */,
				6788F82A1AEFC2F300756BA0 /* Supporting Files */,
			);
			path = YUTextField;
			sourceTree = "<group>";
		};
		6788F82A1AEFC2F300756BA0 /* Supporting Files */ = {
			isa = PBXGroup;
			children = (
				6788F82B1AEFC2F300756BA0 /* Info.plist */,
				6788F82C1AEFC2F300756BA0 /* main.m */,
			);
			name = "Supporting Files";
			sourceTree = "<group>";
		};
		6788F8431AEFC2F300756BA0 /* YUTextFieldTests */ = {
			isa = PBXGroup;
			children = (
				6788F8461AEFC2F300756BA0 /* YUTextFieldTests.m */,
				6788F8441AEFC2F300756BA0 /* Supporting Files */,
			);
			path = YUTextFieldTests;
			sourceTree = "<group>";
		};
		6788F8441AEFC2F300756BA0 /* Supporting Files */ = {
			isa = PBXGroup;
			children = (
				6788F8451AEFC2F300756BA0 /* Info.plist */,
			);
			name = "Supporting Files";
			sourceTree = "<group>";
		};
		6788F8531AEFC32D00756BA0 /* YUTextField */ = {
			isa = PBXGroup;
			children = (
				6788F8541AEFC32D00756BA0 /* YUTextField.h */,
				6788F8551AEFC32D00756BA0 /* YUTextField.m */,
			);
			path = YUTextField;
			sourceTree = "<group>";
		};
/* End PBXGroup section */

/* Begin PBXNativeTarget section */
		6788F8261AEFC2F300756BA0 /* YUTextField */ = {
			isa = PBXNativeTarget;
			buildConfigurationList = 6788F84A1AEFC2F300756BA0 /* Build configuration list for PBXNativeTarget "YUTextField" */;
			buildPhases = (
				6788F8231AEFC2F300756BA0 /* Sources */,
				6788F8241AEFC2F300756BA0 /* Frameworks */,
				6788F8251AEFC2F300756BA0 /* Resources */,
			);
			buildRules = (
			);
			dependencies = (
			);
			name = YUTextField;
			productName = YUTextField;
			productReference = 6788F8271AEFC2F300756BA0 /* YUTextField.app */;
			productType = "com.apple.product-type.application";
		};
		6788F83F1AEFC2F300756BA0 /* YUTextFieldTests */ = {
			isa = PBXNativeTarget;
			buildConfigurationList = 6788F84D1AEFC2F300756BA0 /* Build configuration list for PBXNativeTarget "YUTextFieldTests" */;
			buildPhases = (
				6788F83C1AEFC2F300756BA0 /* Sources */,
				6788F83D1AEFC2F300756BA0 /* Frameworks */,
				6788F83E1AEFC2F300756BA0 /* Resources */,
			);
			buildRules = (
			);
			dependencies = (
				6788F8421AEFC2F300756BA0 /* PBXTargetDependency */,
			);
			name = YUTextFieldTests;
			productName = YUTextFieldTests;
			productReference = 6788F8401AEFC2F300756BA0 /* YUTextFieldTests.xctest */;
			productType = "com.apple.product-type.bundle.unit-test";
		};
/* End PBXNativeTarget section */

/* Begin PBXProject section */
		6788F81F1AEFC2F300756BA0 /* Project object */ = {
			isa = PBXProject;
			attributes = {
				LastUpgradeCheck = 0630;
				ORGANIZATIONNAME = BruceYu;
				TargetAttributes = {
					6788F8261AEFC2F300756BA0 = {
						CreatedOnToolsVersion = 6.3;
					};
					6788F83F1AEFC2F300756BA0 = {
						CreatedOnToolsVersion = 6.3;
						TestTargetID = 6788F8261AEFC2F300756BA0;
					};
				};
			};
			buildConfigurationList = 6788F8221AEFC2F300756BA0 /* Build configuration list for PBXProject "YUTextField" */;
			compatibilityVersion = "Xcode 3.2";
			developmentRegion = English;
			hasScannedForEncodings = 0;
			knownRegions = (
				en,
				Base,
			);
			mainGroup = 6788F81E1AEFC2F300756BA0;
			productRefGroup = 6788F8281AEFC2F300756BA0 /* Products */;
			projectDirPath = "";
			projectRoot = "";
			targets = (
				6788F8261AEFC2F300756BA0 /* YUTextField */,
				6788F83F1AEFC2F300756BA0 /* YUTextFieldTests */,
			);
		};
/* End PBXProject section */

/* Begin PBXResourcesBuildPhase section */
		6788F8251AEFC2F300756BA0 /* Resources */ = {
			isa = PBXResourcesBuildPhase;
			buildActionMask = 2147483647;
			files = (
				6788F8361AEFC2F300756BA0 /* Main.storyboard in Resources */,
				6788F83B1AEFC2F300756BA0 /* LaunchScreen.xib in Resources */,
				6788F8381AEFC2F300756BA0 /* Images.xcassets in Resources */,
			);
			runOnlyForDeploymentPostprocessing = 0;
		};
		6788F83E1AEFC2F300756BA0 /* Resources */ = {
			isa = PBXResourcesBuildPhase;
			buildActionMask = 2147483647;
			files = (
			);
			runOnlyForDeploymentPostprocessing = 0;
		};
/* End PBXResourcesBuildPhase section */

/* Begin PBXSourcesBuildPhase section */
		6788F8231AEFC2F300756BA0 /* Sources */ = {
			isa = PBXSourcesBuildPhase;
			buildActionMask = 2147483647;
			files = (
				6788F8331AEFC2F300756BA0 /* ViewController.m in Sources */,
				6788F8301AEFC2F300756BA0 /* AppDelegate.m in Sources */,
				6788F82D1AEFC2F300756BA0 /* main.m in Sources */,
				6788F8561AEFC32D00756BA0 /* YUTextField.m in Sources */,
			);
			runOnlyForDeploymentPostprocessing = 0;
		};
		6788F83C1AEFC2F300756BA0 /* Sources */ = {
			isa = PBXSourcesBuildPhase;
			buildActionMask = 2147483647;
			files = (
				6788F8471AEFC2F300756BA0 /* YUTextFieldTests.m in Sources */,
			);
			runOnlyForDeploymentPostprocessing = 0;
		};
/* End PBXSourcesBuildPhase section */

/* Begin PBXTargetDependency section */
		6788F8421AEFC2F300756BA0 /* PBXTargetDependency */ = {
			isa = PBXTargetDependency;
			target = 6788F8261AEFC2F300756BA0 /* YUTextField */;
			targetProxy = 6788F8411AEFC2F300756BA0 /* PBXContainerItemProxy */;
		};
/* End PBXTargetDependency section */

/* Begin PBXVariantGroup section */
		6788F8341AEFC2F300756BA0 /* Main.storyboard */ = {
			isa = PBXVariantGroup;
			children = (
				6788F8351AEFC2F300756BA0 /* Base */,
			);
			name = Main.storyboard;
			sourceTree = "<group>";
		};
		6788F8391AEFC2F300756BA0 /* LaunchScreen.xib */ = {
			isa = PBXVariantGroup;
			children = (
				6788F83A1AEFC2F300756BA0 /* Base */,
			);
			name = LaunchScreen.xib;
			sourceTree = "<group>";
		};
/* End PBXVariantGroup section */

/* Begin XCBuildConfiguration section */
		6788F8481AEFC2F300756BA0 /* Debug */ = {
			isa = XCBuildConfiguration;
			buildSettings = {
				ALWAYS_SEARCH_USER_PATHS = NO;
				CLANG_CXX_LANGUAGE_STANDARD = "gnu++0x";
				CLANG_CXX_LIBRARY = "libc++";
				CLANG_ENABLE_MODULES = YES;
				CLANG_ENABLE_OBJC_ARC = YES;
				CLANG_WARN_BOOL_CONVERSION = YES;
				CLANG_WARN_CONSTANT_CONVERSION = YES;
				CLANG_WARN_DIRECT_OBJC_ISA_USAGE = YES_ERROR;
				CLANG_WARN_EMPTY_BODY = YES;
				CLANG_WARN_ENUM_CONVERSION = YES;
				CLANG_WARN_INT_CONVERSION = YES;
				CLANG_WARN_OBJC_ROOT_CLASS = YES_ERROR;
				CLANG_WARN_UNREACHABLE_CODE = YES;
				CLANG_WARN__DUPLICATE_METHOD_MATCH = YES;
				"CODE_SIGN_IDENTITY[sdk=iphoneos*]" = "iPhone Developer";
				COPY_PHASE_STRIP = NO;
				DEBUG_INFORMATION_FORMAT = "dwarf-with-dsym";
				ENABLE_STRICT_OBJC_MSGSEND = YES;
				GCC_C_LANGUAGE_STANDARD = gnu99;
				GCC_DYNAMIC_NO_PIC = NO;
				GCC_NO_COMMON_BLOCKS = YES;
				GCC_OPTIMIZATION_LEVEL = 0;
				GCC_PREPROCESSOR_DEFINITIONS = (
					"DEBUG=1",
					"$(inherited)",
				);
				GCC_SYMBOLS_PRIVATE_EXTERN = NO;
				GCC_WARN_64_TO_32_BIT_CONVERSION = YES;
				GCC_WARN_ABOUT_RETURN_TYPE = YES_ERROR;
				GCC_WARN_UNDECLARED_SELECTOR = YES;
				GCC_WARN_UNINITIALIZED_AUTOS = YES_AGGRESSIVE;
				GCC_WARN_UNUSED_FUNCTION = YES;
				GCC_WARN_UNUSED_VARIABLE = YES;
				IPHONEOS_DEPLOYMENT_TARGET = 8.3;
				MTL_ENABLE_DEBUG_INFO = YES;
				ONLY_ACTIVE_ARCH = YES;
				SDKROOT = iphoneos;
			};
			name = Debug;
		};
		6788F8491AEFC2F300756BA0 /* Release */ = {
			isa = XCBuildConfiguration;
			buildSettings = {
				ALWAYS_SEARCH_USER_PATHS = NO;
				CLANG_CXX_LANGUAGE_STANDARD = "gnu++0x";
				CLANG_CXX_LIBRARY = "libc++";
				CLANG_ENABLE_MODULES = YES;
				CLANG_ENABLE_OBJC_ARC = YES;
				CLANG_WARN_BOOL_CONVERSION = YES;
				CLANG_WARN_CONSTANT_CONVERSION = YES;
				CLANG_WARN_DIRECT_OBJC_ISA_USAGE = YES_ERROR;
				CLANG_WARN_EMPTY_BODY = YES;
				CLANG_WARN_ENUM_CONVERSION = YES;
				CLANG_WARN_INT_CONVERSION = YES;
				CLANG_WARN_OBJC_ROOT_CLASS = YES_ERROR;
				CLANG_WARN_UNREACHABLE_CODE = YES;
				CLANG_WARN__DUPLICATE_METHOD_MATCH = YES;
				"CODE_SIGN_IDENTITY[sdk=iphoneos*]" = "iPhone Developer";
				COPY_PHASE_STRIP = NO;
				DEBUG_INFORMATION_FORMAT = "dwarf-with-dsym";
				ENABLE_NS_ASSERTIONS = NO;
				ENABLE_STRICT_OBJC_MSGSEND = YES;
				GCC_C_LANGUAGE_STANDARD = gnu99;
				GCC_NO_COMMON_BLOCKS = YES;
				GCC_WARN_64_TO_32_BIT_CONVERSION = YES;
				GCC_WARN_ABOUT_RETURN_TYPE = YES_ERROR;
				GCC_WARN_UNDECLARED_SELECTOR = YES;
				GCC_WARN_UNINITIALIZED_AUTOS = YES_AGGRESSIVE;
				GCC_WARN_UNUSED_FUNCTION = YES;
				GCC_WARN_UNUSED_VARIABLE = YES;
				IPHONEOS_DEPLOYMENT_TARGET = 8.3;
				MTL_ENABLE_DEBUG_INFO = NO;
				SDKROOT = iphoneos;
				VALIDATE_PRODUCT = YES;
			};
			name = Release;
		};
		6788F84B1AEFC2F300756BA0 /* Debug */ = {
			isa = XCBuildConfiguration;
			buildSettings = {
				ASSETCATALOG_COMPILER_APPICON_NAME = AppIcon;
				INFOPLIST_FILE = YUTextField/Info.plist;
				LD_RUNPATH_SEARCH_PATHS = "$(inherited) @executable_path/Frameworks";
				PRODUCT_NAME = "$(TARGET_NAME)";
			};
			name = Debug;
		};
		6788F84C1AEFC2F300756BA0 /* Release */ = {
			isa = XCBuildConfiguration;
			buildSettings = {
				ASSETCATALOG_COMPILER_APPICON_NAME = AppIcon;
				INFOPLIST_FILE = YUTextField/Info.plist;
				LD_RUNPATH_SEARCH_PATHS = "$(inherited) @executable_path/Frameworks";
				PRODUCT_NAME = "$(TARGET_NAME)";
			};
			name = Release;
		};
		6788F84E1AEFC2F300756BA0 /* Debug */ = {
			isa = XCBuildConfiguration;
			buildSettings = {
				BUNDLE_LOADER = "$(TEST_HOST)";
				FRAMEWORK_SEARCH_PATHS = (
					"$(SDKROOT)/Developer/Library/Frameworks",
					"$(inherited)",
				);
				GCC_PREPROCESSOR_DEFINITIONS = (
					"DEBUG=1",
					"$(inherited)",
				);
				INFOPLIST_FILE = YUTextFieldTests/Info.plist;
				LD_RUNPATH_SEARCH_PATHS = "$(inherited) @executable_path/Frameworks @loader_path/Frameworks";
				PRODUCT_NAME = "$(TARGET_NAME)";
				TEST_HOST = "$(BUILT_PRODUCTS_DIR)/YUTextField.app/YUTextField";
			};
			name = Debug;
		};
		6788F84F1AEFC2F300756BA0 /* Release */ = {
			isa = XCBuildConfiguration;
			buildSettings = {
				BUNDLE_LOADER = "$(TEST_HOST)";
				FRAMEWORK_SEARCH_PATHS = (
					"$(SDKROOT)/Developer/Library/Frameworks",
					"$(inherited)",
				);
				INFOPLIST_FILE = YUTextFieldTests/Info.plist;
				LD_RUNPATH_SEARCH_PATHS = "$(inherited) @executable_path/Frameworks @loader_path/Frameworks";
				PRODUCT_NAME = "$(TARGET_NAME)";
				TEST_HOST = "$(BUILT_PRODUCTS_DIR)/YUTextField.app/YUTextField";
			};
			name = Release;
		};
/* End XCBuildConfiguration section */

/* Begin XCConfigurationList section */
		6788F8221AEFC2F300756BA0 /* Build configuration list for PBXProject "YUTextField" */ = {
			isa = XCConfigurationList;
			buildConfigurations = (
				6788F8481AEFC2F300756BA0 /* Debug */,
				6788F8491AEFC2F300756BA0 /* Release */,
			);
			defaultConfigurationIsVisible = 0;
			defaultConfigurationName = Release;
		};
		6788F84A1AEFC2F300756BA0 /* Build configuration list for PBXNativeTarget "YUTextField" */ = {
			isa = XCConfigurationList;
			buildConfigurations = (
				6788F84B1AEFC2F300756BA0 /* Debug */,
				6788F84C1AEFC2F300756BA0 /* Release */,
			);
			defaultConfigurationIsVisible = 0;
		};
		6788F84D1AEFC2F300756BA0 /* Build configuration list for PBXNativeTarget "YUTextFieldTests" */ = {
			isa = XCConfigurationList;
			buildConfigurations = (
				6788F84E1AEFC2F300756BA0 /* Debug */,
				6788F84F1AEFC2F300756BA0 /* Release */,
			);
			defaultConfigurationIsVisible = 0;
		};
/* End XCConfigurationList section */
	};
	rootObject = 6788F81F1AEFC2F300756BA0 /* Project object */;
}
